// !$*UTF8*$!
{
	archiveVersion = 1;
	classes = {
	};
	objectVersion = 46;
	objects = {

/* Begin PBXBuildFile section */
		1F88CD08160F39600059CFEB /* Board.mm in Sources */ = {isa = PBXBuildFile; fileRef = 1F88CD07160F39600059CFEB /* Board.mm */; };
		1F88CD0C160F4DBB0059CFEB /* Assert.m in Sources */ = {isa = PBXBuildFile; fileRef = 1F88CD0B160F48820059CFEB /* Assert.m */; };
		752C0EA315E6A5AA009169FE /* UIKit.framework in Frameworks */ = {isa = PBXBuildFile; fileRef = 752C0EA215E6A5AA009169FE /* UIKit.framework */; };
		752C0EA515E6A5AA009169FE /* Foundation.framework in Frameworks */ = {isa = PBXBuildFile; fileRef = 752C0EA415E6A5AA009169FE /* Foundation.framework */; };
		752C0EA715E6A5AA009169FE /* CoreGraphics.framework in Frameworks */ = {isa = PBXBuildFile; fileRef = 752C0EA615E6A5AA009169FE /* CoreGraphics.framework */; };
		752C0EAD15E6A5AA009169FE /* InfoPlist.strings in Resources */ = {isa = PBXBuildFile; fileRef = 752C0EAB15E6A5AA009169FE /* InfoPlist.strings */; };
		752C0EAF15E6A5AA009169FE /* main.m in Sources */ = {isa = PBXBuildFile; fileRef = 752C0EAE15E6A5AA009169FE /* main.m */; };
		752C0EB315E6A5AA009169FE /* AppDelegate.m in Sources */ = {isa = PBXBuildFile; fileRef = 752C0EB215E6A5AA009169FE /* AppDelegate.m */; };
		752C0EB615E6A5AA009169FE /* MainStoryboard.storyboard in Resources */ = {isa = PBXBuildFile; fileRef = 752C0EB415E6A5AA009169FE /* MainStoryboard.storyboard */; };
		752C0EB915E6A5AA009169FE /* ViewController.m in Sources */ = {isa = PBXBuildFile; fileRef = 752C0EB815E6A5AA009169FE /* ViewController.m */; };
		752C0EC815E6A9F4009169FE /* MainViewController.m in Sources */ = {isa = PBXBuildFile; fileRef = 752C0EC715E6A9F4009169FE /* MainViewController.m */; };
		752C0ECB15E6AA07009169FE /* HostGameViewController.m in Sources */ = {isa = PBXBuildFile; fileRef = 752C0ECA15E6AA07009169FE /* HostGameViewController.m */; };
		752C0ECE15E6AA0F009169FE /* JoinGameViewController.m in Sources */ = {isa = PBXBuildFile; fileRef = 752C0ECD15E6AA0F009169FE /* JoinGameViewController.m */; };
		752C0ED115E6AA1A009169FE /* GameViewController.mm in Sources */ = {isa = PBXBuildFile; fileRef = 752C0ED015E6AA1A009169FE /* GameViewController.mm */; };
		752C0ED415E6AAA8009169FE /* InfoViewController.m in Sources */ = {isa = PBXBuildFile; fileRef = 752C0ED315E6AAA8009169FE /* InfoViewController.m */; };
		7550761B16137C61000D990D /* GCHelper.m in Sources */ = {isa = PBXBuildFile; fileRef = 7550761A16137C61000D990D /* GCHelper.m */; };
		7590453015E6B577005DC5BC /* PlayerInfoViewController.m in Sources */ = {isa = PBXBuildFile; fileRef = 7590452F15E6B577005DC5BC /* PlayerInfoViewController.m */; };
		7590453315E6B58B005DC5BC /* PlayerInfoViewController.xib in Resources */ = {isa = PBXBuildFile; fileRef = 7590453215E6B58B005DC5BC /* PlayerInfoViewController.xib */; };
		7590453615E6B913005DC5BC /* LetterBag.m in Sources */ = {isa = PBXBuildFile; fileRef = 7590453515E6B913005DC5BC /* LetterBag.m */; };
		7590453915E6BB9F005DC5BC /* AlphabetFactory.m in Sources */ = {isa = PBXBuildFile; fileRef = 7590453815E6BB9F005DC5BC /* AlphabetFactory.m */; };
		75ACB68015E6B03D00985EA6 /* Player.m in Sources */ = {isa = PBXBuildFile; fileRef = 75ACB67F15E6B03D00985EA6 /* Player.m */; };
		75ACB68315E6B06B00985EA6 /* PlayerGameData.m in Sources */ = {isa = PBXBuildFile; fileRef = 75ACB68215E6B06B00985EA6 /* PlayerGameData.m */; };
		75ACB68615E6B0BB00985EA6 /* Game.m in Sources */ = {isa = PBXBuildFile; fileRef = 75ACB68515E6B0BB00985EA6 /* Game.m */; };
		75ACB68915E6B10D00985EA6 /* Tile.m in Sources */ = {isa = PBXBuildFile; fileRef = 75ACB68815E6B10D00985EA6 /* Tile.m */; };
		75ACB68C15E6B1E000985EA6 /* Letter.m in Sources */ = {isa = PBXBuildFile; fileRef = 75ACB68B15E6B1E000985EA6 /* Letter.m */; };
		9A29673C160F18F300DE2471 /* visitor1.ttf in Resources */ = {isa = PBXBuildFile; fileRef = 9A29673A160F18F300DE2471 /* visitor1.ttf */; };
		9A29673D160F18F300DE2471 /* visitor2.ttf in Resources */ = {isa = PBXBuildFile; fileRef = 9A29673B160F18F300DE2471 /* visitor2.ttf */; };
		9A471F88160F291C007106E8 /* QuartzCore.framework in Frameworks */ = {isa = PBXBuildFile; fileRef = 9A471F87160F291C007106E8 /* QuartzCore.framework */; };
		9A57ED88160347E500AB95F0 /* Packet.m in Sources */ = {isa = PBXBuildFile; fileRef = 9A57ED87160347E500AB95F0 /* Packet.m */; };
		9A7ACD98160E137000B316D2 /* GameKit.framework in Frameworks */ = {isa = PBXBuildFile; fileRef = 9A7ACD97160E137000B316D2 /* GameKit.framework */; };
		9A7ACDAA160EFE7500B316D2 /* ctl-logotype.png in Resources */ = {isa = PBXBuildFile; fileRef = 9A7ACDA4160EFE7500B316D2 /* ctl-logotype.png */; };
		9A7ACDAB160EFE7500B316D2 /* ctl-logotype@2x.png in Resources */ = {isa = PBXBuildFile; fileRef = 9A7ACDA5160EFE7500B316D2 /* ctl-logotype@2x.png */; };
		9A7ACDAC160EFE7500B316D2 /* top_left_menu.png in Resources */ = {isa = PBXBuildFile; fileRef = 9A7ACDA6160EFE7500B316D2 /* top_left_menu.png */; };
		9A7ACDAD160EFE7500B316D2 /* top_left_menu@2x.png in Resources */ = {isa = PBXBuildFile; fileRef = 9A7ACDA7160EFE7500B316D2 /* top_left_menu@2x.png */; };
		9A7ACDAE160EFE7500B316D2 /* top_right_info.png in Resources */ = {isa = PBXBuildFile; fileRef = 9A7ACDA8160EFE7500B316D2 /* top_right_info.png */; };
		9A7ACDAF160EFE7500B316D2 /* top_right_info@2x.png in Resources */ = {isa = PBXBuildFile; fileRef = 9A7ACDA9160EFE7500B316D2 /* top_right_info@2x.png */; };
		9A7ACDB2160F000F00B316D2 /* CurrentConstructedWordCell.xib in Resources */ = {isa = PBXBuildFile; fileRef = 9A7ACDB1160F000F00B316D2 /* CurrentConstructedWordCell.xib */; };
		9A7ACDB5160F003C00B316D2 /* CurrentConstructedWordCell.m in Sources */ = {isa = PBXBuildFile; fileRef = 9A7ACDB4160F003C00B316D2 /* CurrentConstructedWordCell.m */; };
		9A7ACDB8160F00D800B316D2 /* PlayerCell.m in Sources */ = {isa = PBXBuildFile; fileRef = 9A7ACDB7160F00D800B316D2 /* PlayerCell.m */; };
		9A7ACDBA160F00E900B316D2 /* PlayerCell.xib in Resources */ = {isa = PBXBuildFile; fileRef = 9A7ACDB9160F00E900B316D2 /* PlayerCell.xib */; };
		9A7ACDBE160F077C00B316D2 /* ProgressBarCell.m in Sources */ = {isa = PBXBuildFile; fileRef = 9A7ACDBD160F077B00B316D2 /* ProgressBarCell.m */; };
		9A7ACDC0160F079200B316D2 /* ProgressBarCell.xib in Resources */ = {isa = PBXBuildFile; fileRef = 9A7ACDBF160F079200B316D2 /* ProgressBarCell.xib */; };
		9AC578801629677500A68882 /* Network.m in Sources */ = {isa = PBXBuildFile; fileRef = 9AC5787F1629677500A68882 /* Network.m */; };
/* End PBXBuildFile section */

/* Begin PBXFileReference section */
		1F88CD05160F39580059CFEB /* Board.h */ = {isa = PBXFileReference; lastKnownFileType = sourcecode.c.h; path = Board.h; sourceTree = "<group>"; };
		1F88CD07160F39600059CFEB /* Board.mm */ = {isa = PBXFileReference; fileEncoding = 4; lastKnownFileType = sourcecode.cpp.objcpp; path = Board.mm; sourceTree = "<group>"; };
		1F88CD09160F3D570059CFEB /* Board.inl */ = {isa = PBXFileReference; explicitFileType = sourcecode.cpp.objcpp; path = Board.inl; sourceTree = "<group>"; };
		1F88CD0A160F484F0059CFEB /* Assert.h */ = {isa = PBXFileReference; lastKnownFileType = sourcecode.c.h; path = Assert.h; sourceTree = "<group>"; };
		1F88CD0B160F48820059CFEB /* Assert.m */ = {isa = PBXFileReference; lastKnownFileType = sourcecode.c.objc; path = Assert.m; sourceTree = "<group>"; };
		752C0E9E15E6A5AA009169FE /* ctl.app */ = {isa = PBXFileReference; explicitFileType = wrapper.application; includeInIndex = 0; path = ctl.app; sourceTree = BUILT_PRODUCTS_DIR; };
		752C0EA215E6A5AA009169FE /* UIKit.framework */ = {isa = PBXFileReference; lastKnownFileType = wrapper.framework; name = UIKit.framework; path = System/Library/Frameworks/UIKit.framework; sourceTree = SDKROOT; };
		752C0EA415E6A5AA009169FE /* Foundation.framework */ = {isa = PBXFileReference; lastKnownFileType = wrapper.framework; name = Foundation.framework; path = System/Library/Frameworks/Foundation.framework; sourceTree = SDKROOT; };
		752C0EA615E6A5AA009169FE /* CoreGraphics.framework */ = {isa = PBXFileReference; lastKnownFileType = wrapper.framework; name = CoreGraphics.framework; path = System/Library/Frameworks/CoreGraphics.framework; sourceTree = SDKROOT; };
		752C0EAA15E6A5AA009169FE /* ctl-Info.plist */ = {isa = PBXFileReference; lastKnownFileType = text.plist.xml; path = "ctl-Info.plist"; sourceTree = "<group>"; };
		752C0EAC15E6A5AA009169FE /* en */ = {isa = PBXFileReference; lastKnownFileType = text.plist.strings; name = en; path = en.lproj/InfoPlist.strings; sourceTree = "<group>"; };
		752C0EAE15E6A5AA009169FE /* main.m */ = {isa = PBXFileReference; lastKnownFileType = sourcecode.c.objc; path = main.m; sourceTree = "<group>"; };
		752C0EB015E6A5AA009169FE /* ctl-Prefix.pch */ = {isa = PBXFileReference; lastKnownFileType = sourcecode.c.h; path = "ctl-Prefix.pch"; sourceTree = "<group>"; };
		752C0EB115E6A5AA009169FE /* AppDelegate.h */ = {isa = PBXFileReference; lastKnownFileType = sourcecode.c.h; path = AppDelegate.h; sourceTree = "<group>"; };
		752C0EB215E6A5AA009169FE /* AppDelegate.m */ = {isa = PBXFileReference; lastKnownFileType = sourcecode.c.objc; path = AppDelegate.m; sourceTree = "<group>"; };
		752C0EB515E6A5AA009169FE /* en */ = {isa = PBXFileReference; lastKnownFileType = file.storyboard; name = en; path = en.lproj/MainStoryboard.storyboard; sourceTree = "<group>"; };
		752C0EB715E6A5AA009169FE /* ViewController.h */ = {isa = PBXFileReference; lastKnownFileType = sourcecode.c.h; path = ViewController.h; sourceTree = "<group>"; };
		752C0EB815E6A5AA009169FE /* ViewController.m */ = {isa = PBXFileReference; lastKnownFileType = sourcecode.c.objc; path = ViewController.m; sourceTree = "<group>"; };
		752C0EC615E6A9F4009169FE /* MainViewController.h */ = {isa = PBXFileReference; fileEncoding = 4; lastKnownFileType = sourcecode.c.h; path = MainViewController.h; sourceTree = "<group>"; };
		752C0EC715E6A9F4009169FE /* MainViewController.m */ = {isa = PBXFileReference; fileEncoding = 4; lastKnownFileType = sourcecode.c.objc; path = MainViewController.m; sourceTree = "<group>"; };
		752C0EC915E6AA07009169FE /* HostGameViewController.h */ = {isa = PBXFileReference; fileEncoding = 4; lastKnownFileType = sourcecode.c.h; path = HostGameViewController.h; sourceTree = "<group>"; };
		752C0ECA15E6AA07009169FE /* HostGameViewController.m */ = {isa = PBXFileReference; fileEncoding = 4; lastKnownFileType = sourcecode.c.objc; path = HostGameViewController.m; sourceTree = "<group>"; };
		752C0ECC15E6AA0F009169FE /* JoinGameViewController.h */ = {isa = PBXFileReference; fileEncoding = 4; lastKnownFileType = sourcecode.c.h; path = JoinGameViewController.h; sourceTree = "<group>"; };
		752C0ECD15E6AA0F009169FE /* JoinGameViewController.m */ = {isa = PBXFileReference; fileEncoding = 4; lastKnownFileType = sourcecode.c.objc; path = JoinGameViewController.m; sourceTree = "<group>"; };
		752C0ECF15E6AA1A009169FE /* GameViewController.h */ = {isa = PBXFileReference; fileEncoding = 4; lastKnownFileType = sourcecode.c.h; path = GameViewController.h; sourceTree = "<group>"; };
		752C0ED015E6AA1A009169FE /* GameViewController.mm */ = {isa = PBXFileReference; fileEncoding = 4; lastKnownFileType = sourcecode.cpp.objcpp; path = GameViewController.mm; sourceTree = "<group>"; };
		752C0ED215E6AAA8009169FE /* InfoViewController.h */ = {isa = PBXFileReference; fileEncoding = 4; lastKnownFileType = sourcecode.c.h; path = InfoViewController.h; sourceTree = "<group>"; };
		752C0ED315E6AAA8009169FE /* InfoViewController.m */ = {isa = PBXFileReference; fileEncoding = 4; lastKnownFileType = sourcecode.c.objc; path = InfoViewController.m; sourceTree = "<group>"; };
		7550761916137C61000D990D /* GCHelper.h */ = {isa = PBXFileReference; fileEncoding = 4; lastKnownFileType = sourcecode.c.h; path = GCHelper.h; sourceTree = "<group>"; };
		7550761A16137C61000D990D /* GCHelper.m */ = {isa = PBXFileReference; fileEncoding = 4; lastKnownFileType = sourcecode.c.objc; path = GCHelper.m; sourceTree = "<group>"; };
		7590452F15E6B577005DC5BC /* PlayerInfoViewController.m */ = {isa = PBXFileReference; fileEncoding = 4; lastKnownFileType = sourcecode.c.objc; path = PlayerInfoViewController.m; sourceTree = "<group>"; };
		7590453215E6B58B005DC5BC /* PlayerInfoViewController.xib */ = {isa = PBXFileReference; fileEncoding = 4; lastKnownFileType = file.xib; path = PlayerInfoViewController.xib; sourceTree = "<group>"; };
		7590453415E6B913005DC5BC /* LetterBag.h */ = {isa = PBXFileReference; fileEncoding = 4; lastKnownFileType = sourcecode.c.h; path = LetterBag.h; sourceTree = "<group>"; };
		7590453515E6B913005DC5BC /* LetterBag.m */ = {isa = PBXFileReference; fileEncoding = 4; lastKnownFileType = sourcecode.c.objc; path = LetterBag.m; sourceTree = "<group>"; };
		7590453715E6BB9F005DC5BC /* AlphabetFactory.h */ = {isa = PBXFileReference; fileEncoding = 4; lastKnownFileType = sourcecode.c.h; path = AlphabetFactory.h; sourceTree = "<group>"; };
		7590453815E6BB9F005DC5BC /* AlphabetFactory.m */ = {isa = PBXFileReference; fileEncoding = 4; lastKnownFileType = sourcecode.c.objc; path = AlphabetFactory.m; sourceTree = "<group>"; };
		7590453E15E6BC7A005DC5BC /* LanguageDefines.h */ = {isa = PBXFileReference; fileEncoding = 4; lastKnownFileType = sourcecode.c.h; path = LanguageDefines.h; sourceTree = "<group>"; };
		759045411601F87B005DC5BC /* SegueDefines.h */ = {isa = PBXFileReference; fileEncoding = 4; lastKnownFileType = sourcecode.c.h; path = SegueDefines.h; sourceTree = "<group>"; };
		75ACB67E15E6B03D00985EA6 /* Player.h */ = {isa = PBXFileReference; fileEncoding = 4; lastKnownFileType = sourcecode.c.h; path = Player.h; sourceTree = "<group>"; };
		75ACB67F15E6B03D00985EA6 /* Player.m */ = {isa = PBXFileReference; fileEncoding = 4; lastKnownFileType = sourcecode.c.objc; path = Player.m; sourceTree = "<group>"; };
		75ACB68115E6B06B00985EA6 /* PlayerGameData.h */ = {isa = PBXFileReference; fileEncoding = 4; lastKnownFileType = sourcecode.c.h; path = PlayerGameData.h; sourceTree = "<group>"; };
		75ACB68215E6B06B00985EA6 /* PlayerGameData.m */ = {isa = PBXFileReference; fileEncoding = 4; lastKnownFileType = sourcecode.c.objc; path = PlayerGameData.m; sourceTree = "<group>"; };
		75ACB68415E6B0BB00985EA6 /* Game.h */ = {isa = PBXFileReference; fileEncoding = 4; lastKnownFileType = sourcecode.c.h; path = Game.h; sourceTree = "<group>"; };
		75ACB68515E6B0BB00985EA6 /* Game.m */ = {isa = PBXFileReference; fileEncoding = 4; lastKnownFileType = sourcecode.c.objc; path = Game.m; sourceTree = "<group>"; };
		75ACB68715E6B10D00985EA6 /* Tile.h */ = {isa = PBXFileReference; fileEncoding = 4; lastKnownFileType = sourcecode.c.h; path = Tile.h; sourceTree = "<group>"; };
		75ACB68815E6B10D00985EA6 /* Tile.m */ = {isa = PBXFileReference; fileEncoding = 4; lastKnownFileType = sourcecode.c.objc; path = Tile.m; sourceTree = "<group>"; };
		75ACB68A15E6B1E000985EA6 /* Letter.h */ = {isa = PBXFileReference; fileEncoding = 4; lastKnownFileType = sourcecode.c.h; path = Letter.h; sourceTree = "<group>"; };
		75ACB68B15E6B1E000985EA6 /* Letter.m */ = {isa = PBXFileReference; fileEncoding = 4; lastKnownFileType = sourcecode.c.objc; path = Letter.m; sourceTree = "<group>"; };
		9A29673A160F18F300DE2471 /* visitor1.ttf */ = {isa = PBXFileReference; lastKnownFileType = file; name = visitor1.ttf; path = ../Graphic/Fonts/visitor1.ttf; sourceTree = "<group>"; };
		9A29673B160F18F300DE2471 /* visitor2.ttf */ = {isa = PBXFileReference; lastKnownFileType = file; name = visitor2.ttf; path = ../Graphic/Fonts/visitor2.ttf; sourceTree = "<group>"; };
		9A471F87160F291C007106E8 /* QuartzCore.framework */ = {isa = PBXFileReference; lastKnownFileType = wrapper.framework; name = QuartzCore.framework; path = System/Library/Frameworks/QuartzCore.framework; sourceTree = SDKROOT; };
		9A57ED86160347E500AB95F0 /* Packet.h */ = {isa = PBXFileReference; fileEncoding = 4; lastKnownFileType = sourcecode.c.h; path = Packet.h; sourceTree = "<group>"; };
		9A57ED87160347E500AB95F0 /* Packet.m */ = {isa = PBXFileReference; fileEncoding = 4; lastKnownFileType = sourcecode.c.objc; path = Packet.m; sourceTree = "<group>"; };
		9A7ACD97160E137000B316D2 /* GameKit.framework */ = {isa = PBXFileReference; lastKnownFileType = wrapper.framework; name = GameKit.framework; path = System/Library/Frameworks/GameKit.framework; sourceTree = SDKROOT; };
		9A7ACDA4160EFE7500B316D2 /* ctl-logotype.png */ = {isa = PBXFileReference; lastKnownFileType = image.png; path = "ctl-logotype.png"; sourceTree = "<group>"; };
		9A7ACDA5160EFE7500B316D2 /* ctl-logotype@2x.png */ = {isa = PBXFileReference; lastKnownFileType = image.png; path = "ctl-logotype@2x.png"; sourceTree = "<group>"; };
		9A7ACDA6160EFE7500B316D2 /* top_left_menu.png */ = {isa = PBXFileReference; lastKnownFileType = image.png; path = top_left_menu.png; sourceTree = "<group>"; };
		9A7ACDA7160EFE7500B316D2 /* top_left_menu@2x.png */ = {isa = PBXFileReference; lastKnownFileType = image.png; path = "top_left_menu@2x.png"; sourceTree = "<group>"; };
		9A7ACDA8160EFE7500B316D2 /* top_right_info.png */ = {isa = PBXFileReference; lastKnownFileType = image.png; path = top_right_info.png; sourceTree = "<group>"; };
		9A7ACDA9160EFE7500B316D2 /* top_right_info@2x.png */ = {isa = PBXFileReference; lastKnownFileType = image.png; path = "top_right_info@2x.png"; sourceTree = "<group>"; };
		9A7ACDB1160F000F00B316D2 /* CurrentConstructedWordCell.xib */ = {isa = PBXFileReference; fileEncoding = 4; lastKnownFileType = file.xib; path = CurrentConstructedWordCell.xib; sourceTree = "<group>"; };
		9A7ACDB3160F003C00B316D2 /* CurrentConstructedWordCell.h */ = {isa = PBXFileReference; fileEncoding = 4; lastKnownFileType = sourcecode.c.h; path = CurrentConstructedWordCell.h; sourceTree = "<group>"; };
		9A7ACDB4160F003C00B316D2 /* CurrentConstructedWordCell.m */ = {isa = PBXFileReference; fileEncoding = 4; lastKnownFileType = sourcecode.c.objc; path = CurrentConstructedWordCell.m; sourceTree = "<group>"; };
		9A7ACDB6160F00D800B316D2 /* PlayerCell.h */ = {isa = PBXFileReference; fileEncoding = 4; lastKnownFileType = sourcecode.c.h; path = PlayerCell.h; sourceTree = "<group>"; };
		9A7ACDB7160F00D800B316D2 /* PlayerCell.m */ = {isa = PBXFileReference; fileEncoding = 4; lastKnownFileType = sourcecode.c.objc; path = PlayerCell.m; sourceTree = "<group>"; };
		9A7ACDB9160F00E900B316D2 /* PlayerCell.xib */ = {isa = PBXFileReference; fileEncoding = 4; lastKnownFileType = file.xib; path = PlayerCell.xib; sourceTree = "<group>"; };
		9A7ACDBB160F01B800B316D2 /* PlayerInfoViewController.h */ = {isa = PBXFileReference; fileEncoding = 4; lastKnownFileType = sourcecode.c.h; path = PlayerInfoViewController.h; sourceTree = "<group>"; };
		9A7ACDBC160F077B00B316D2 /* ProgressBarCell.h */ = {isa = PBXFileReference; fileEncoding = 4; lastKnownFileType = sourcecode.c.h; path = ProgressBarCell.h; sourceTree = "<group>"; };
		9A7ACDBD160F077B00B316D2 /* ProgressBarCell.m */ = {isa = PBXFileReference; fileEncoding = 4; lastKnownFileType = sourcecode.c.objc; path = ProgressBarCell.m; sourceTree = "<group>"; };
		9A7ACDBF160F079200B316D2 /* ProgressBarCell.xib */ = {isa = PBXFileReference; fileEncoding = 4; lastKnownFileType = file.xib; path = ProgressBarCell.xib; sourceTree = "<group>"; };
		9AC5787E1629677500A68882 /* Network.h */ = {isa = PBXFileReference; fileEncoding = 4; lastKnownFileType = sourcecode.c.h; path = Network.h; sourceTree = "<group>"; };
		9AC5787F1629677500A68882 /* Network.m */ = {isa = PBXFileReference; fileEncoding = 4; lastKnownFileType = sourcecode.c.objc; path = Network.m; sourceTree = "<group>"; };
/* End PBXFileReference section */

/* Begin PBXFrameworksBuildPhase section */
		752C0E9B15E6A5AA009169FE /* Frameworks */ = {
			isa = PBXFrameworksBuildPhase;
			buildActionMask = 2147483647;
			files = (
				9A471F88160F291C007106E8 /* QuartzCore.framework in Frameworks */,
				9A7ACD98160E137000B316D2 /* GameKit.framework in Frameworks */,
				752C0EA315E6A5AA009169FE /* UIKit.framework in Frameworks */,
				752C0EA515E6A5AA009169FE /* Foundation.framework in Frameworks */,
				752C0EA715E6A5AA009169FE /* CoreGraphics.framework in Frameworks */,
			);
			runOnlyForDeploymentPostprocessing = 0;
		};
/* End PBXFrameworksBuildPhase section */

/* Begin PBXGroup section */
		752C0E9315E6A5A9009169FE = {
			isa = PBXGroup;
			children = (
				9A471F87160F291C007106E8 /* QuartzCore.framework */,
				9A7ACD97160E137000B316D2 /* GameKit.framework */,
				752C0EA815E6A5AA009169FE /* CTL */,
				752C0EA115E6A5AA009169FE /* Frameworks */,
				752C0E9F15E6A5AA009169FE /* Products */,
			);
			sourceTree = "<group>";
		};
		752C0E9F15E6A5AA009169FE /* Products */ = {
			isa = PBXGroup;
			children = (
				752C0E9E15E6A5AA009169FE /* ctl.app */,
			);
			name = Products;
			sourceTree = "<group>";
		};
		752C0EA115E6A5AA009169FE /* Frameworks */ = {
			isa = PBXGroup;
			children = (
				752C0EA215E6A5AA009169FE /* UIKit.framework */,
				752C0EA415E6A5AA009169FE /* Foundation.framework */,
				752C0EA615E6A5AA009169FE /* CoreGraphics.framework */,
			);
			name = Frameworks;
			sourceTree = "<group>";
		};
		752C0EA815E6A5AA009169FE /* CTL */ = {
			isa = PBXGroup;
			children = (
				9A7ACD93160E11FF00B316D2 /* Helpers */,
				7590453A15E6BC31005DC5BC /* Defines */,
				75ACB67C15E6AF9A00985EA6 /* Networking */,
				752C0EC115E6A62F009169FE /* Views */,
				752C0EC015E6A62A009169FE /* View Controllers */,
				752C0EBF15E6A623009169FE /* Models */,
				752C0EB115E6A5AA009169FE /* AppDelegate.h */,
				752C0EB215E6A5AA009169FE /* AppDelegate.m */,
				752C0EB415E6A5AA009169FE /* MainStoryboard.storyboard */,
				752C0EB715E6A5AA009169FE /* ViewController.h */,
				752C0EB815E6A5AA009169FE /* ViewController.m */,
				752C0EA915E6A5AA009169FE /* Supporting Files */,
			);
			path = CTL;
			sourceTree = "<group>";
		};
		752C0EA915E6A5AA009169FE /* Supporting Files */ = {
			isa = PBXGroup;
			children = (
				9A29673F160F18F900DE2471 /* Fonts */,
				9A7ACD9D160EFD6A00B316D2 /* Images */,
				752C0EAA15E6A5AA009169FE /* ctl-Info.plist */,
				752C0EAB15E6A5AA009169FE /* InfoPlist.strings */,
				752C0EAE15E6A5AA009169FE /* main.m */,
				752C0EB015E6A5AA009169FE /* ctl-Prefix.pch */,
			);
			name = "Supporting Files";
			sourceTree = "<group>";
		};
		752C0EBF15E6A623009169FE /* Models */ = {
			isa = PBXGroup;
			children = (
				7590453715E6BB9F005DC5BC /* AlphabetFactory.h */,
				7590453815E6BB9F005DC5BC /* AlphabetFactory.m */,
				75ACB68415E6B0BB00985EA6 /* Game.h */,
				75ACB68515E6B0BB00985EA6 /* Game.m */,
				75ACB68A15E6B1E000985EA6 /* Letter.h */,
				75ACB68B15E6B1E000985EA6 /* Letter.m */,
				7590453415E6B913005DC5BC /* LetterBag.h */,
				7590453515E6B913005DC5BC /* LetterBag.m */,
				75ACB67E15E6B03D00985EA6 /* Player.h */,
				75ACB67F15E6B03D00985EA6 /* Player.m */,
				75ACB68115E6B06B00985EA6 /* PlayerGameData.h */,
				75ACB68215E6B06B00985EA6 /* PlayerGameData.m */,
				75ACB68715E6B10D00985EA6 /* Tile.h */,
				75ACB68815E6B10D00985EA6 /* Tile.m */,
				1F88CD05160F39580059CFEB /* Board.h */,
				1F88CD07160F39600059CFEB /* Board.mm */,
				1F88CD09160F3D570059CFEB /* Board.inl */,
			);
			name = Models;
			sourceTree = "<group>";
		};
		752C0EC015E6A62A009169FE /* View Controllers */ = {
			isa = PBXGroup;
			children = (
				9A7ACDBB160F01B800B316D2 /* PlayerInfoViewController.h */,
				7590452F15E6B577005DC5BC /* PlayerInfoViewController.m */,
				752C0EC615E6A9F4009169FE /* MainViewController.h */,
				752C0EC715E6A9F4009169FE /* MainViewController.m */,
				752C0EC915E6AA07009169FE /* HostGameViewController.h */,
				752C0ECA15E6AA07009169FE /* HostGameViewController.m */,
				752C0ECC15E6AA0F009169FE /* JoinGameViewController.h */,
				752C0ECD15E6AA0F009169FE /* JoinGameViewController.m */,
				752C0ECF15E6AA1A009169FE /* GameViewController.h */,
				752C0ED015E6AA1A009169FE /* GameViewController.mm */,
				752C0ED215E6AAA8009169FE /* InfoViewController.h */,
				752C0ED315E6AAA8009169FE /* InfoViewController.m */,
			);
			name = "View Controllers";
			sourceTree = "<group>";
		};
		752C0EC115E6A62F009169FE /* Views */ = {
			isa = PBXGroup;
			children = (
				7590453215E6B58B005DC5BC /* PlayerInfoViewController.xib */,
				9A7ACDB0160EFF9800B316D2 /* TableViewCells */,
			);
			name = Views;
			sourceTree = "<group>";
		};
		7590453A15E6BC31005DC5BC /* Defines */ = {
			isa = PBXGroup;
			children = (
				7590453E15E6BC7A005DC5BC /* LanguageDefines.h */,
				759045411601F87B005DC5BC /* SegueDefines.h */,
			);
			name = Defines;
			sourceTree = "<group>";
		};
		75ACB67C15E6AF9A00985EA6 /* Networking */ = {
			isa = PBXGroup;
			children = (
				9A57ED86160347E500AB95F0 /* Packet.h */,
				9A57ED87160347E500AB95F0 /* Packet.m */,
				9AC5787E1629677500A68882 /* Network.h */,
				9AC5787F1629677500A68882 /* Network.m */,
			);
			name = Networking;
			sourceTree = "<group>";
		};
		9A29673F160F18F900DE2471 /* Fonts */ = {
			isa = PBXGroup;
			children = (
				9A29673A160F18F300DE2471 /* visitor1.ttf */,
				9A29673B160F18F300DE2471 /* visitor2.ttf */,
			);
			name = Fonts;
			sourceTree = "<group>";
		};
		9A7ACD93160E11FF00B316D2 /* Helpers */ = {
			isa = PBXGroup;
			children = (
				7550761916137C61000D990D /* GCHelper.h */,
				7550761A16137C61000D990D /* GCHelper.m */,
				1F88CD0A160F484F0059CFEB /* Assert.h */,
				1F88CD0B160F48820059CFEB /* Assert.m */,
			);
			name = Helpers;
			sourceTree = "<group>";
		};
		9A7ACD9D160EFD6A00B316D2 /* Images */ = {
			isa = PBXGroup;
			children = (
				9A7ACDA4160EFE7500B316D2 /* ctl-logotype.png */,
				9A7ACDA5160EFE7500B316D2 /* ctl-logotype@2x.png */,
				9A7ACDA6160EFE7500B316D2 /* top_left_menu.png */,
				9A7ACDA7160EFE7500B316D2 /* top_left_menu@2x.png */,
				9A7ACDA8160EFE7500B316D2 /* top_right_info.png */,
				9A7ACDA9160EFE7500B316D2 /* top_right_info@2x.png */,
			);
			name = Images;
			sourceTree = "<group>";
		};
		9A7ACDB0160EFF9800B316D2 /* TableViewCells */ = {
			isa = PBXGroup;
			children = (
				9A7ACDB1160F000F00B316D2 /* CurrentConstructedWordCell.xib */,
				9A7ACDB3160F003C00B316D2 /* CurrentConstructedWordCell.h */,
				9A7ACDB4160F003C00B316D2 /* CurrentConstructedWordCell.m */,
				9A7ACDB6160F00D800B316D2 /* PlayerCell.h */,
				9A7ACDB7160F00D800B316D2 /* PlayerCell.m */,
				9A7ACDB9160F00E900B316D2 /* PlayerCell.xib */,
				9A7ACDBC160F077B00B316D2 /* ProgressBarCell.h */,
				9A7ACDBD160F077B00B316D2 /* ProgressBarCell.m */,
				9A7ACDBF160F079200B316D2 /* ProgressBarCell.xib */,
			);
			name = TableViewCells;
			sourceTree = "<group>";
		};
/* End PBXGroup section */

/* Begin PBXNativeTarget section */
		752C0E9D15E6A5AA009169FE /* ctl */ = {
			isa = PBXNativeTarget;
			buildConfigurationList = 752C0EBC15E6A5AA009169FE /* Build configuration list for PBXNativeTarget "ctl" */;
			buildPhases = (
				752C0E9A15E6A5AA009169FE /* Sources */,
				752C0E9B15E6A5AA009169FE /* Frameworks */,
				752C0E9C15E6A5AA009169FE /* Resources */,
			);
			buildRules = (
			);
			dependencies = (
			);
			name = ctl;
			productName = CTL;
			productReference = 752C0E9E15E6A5AA009169FE /* ctl.app */;
			productType = "com.apple.product-type.application";
		};
/* End PBXNativeTarget section */

/* Begin PBXProject section */
		752C0E9515E6A5A9009169FE /* Project object */ = {
			isa = PBXProject;
			attributes = {
				LastUpgradeCheck = 0430;
			};
			buildConfigurationList = 752C0E9815E6A5A9009169FE /* Build configuration list for PBXProject "CTL" */;
			compatibilityVersion = "Xcode 3.2";
			developmentRegion = English;
			hasScannedForEncodings = 0;
			knownRegions = (
				en,
			);
			mainGroup = 752C0E9315E6A5A9009169FE;
			productRefGroup = 752C0E9F15E6A5AA009169FE /* Products */;
			projectDirPath = "";
			projectRoot = "";
			targets = (
				752C0E9D15E6A5AA009169FE /* ctl */,
			);
		};
/* End PBXProject section */

/* Begin PBXResourcesBuildPhase section */
		752C0E9C15E6A5AA009169FE /* Resources */ = {
			isa = PBXResourcesBuildPhase;
			buildActionMask = 2147483647;
			files = (
				9A29673C160F18F300DE2471 /* visitor1.ttf in Resources */,
				9A29673D160F18F300DE2471 /* visitor2.ttf in Resources */,
				752C0EAD15E6A5AA009169FE /* InfoPlist.strings in Resources */,
				752C0EB615E6A5AA009169FE /* MainStoryboard.storyboard in Resources */,
				7590453315E6B58B005DC5BC /* PlayerInfoViewController.xib in Resources */,
				9A7ACDAA160EFE7500B316D2 /* ctl-logotype.png in Resources */,
				9A7ACDAB160EFE7500B316D2 /* ctl-logotype@2x.png in Resources */,
				9A7ACDAC160EFE7500B316D2 /* top_left_menu.png in Resources */,
				9A7ACDAD160EFE7500B316D2 /* top_left_menu@2x.png in Resources */,
				9A7ACDAE160EFE7500B316D2 /* top_right_info.png in Resources */,
				9A7ACDAF160EFE7500B316D2 /* top_right_info@2x.png in Resources */,
				9A7ACDB2160F000F00B316D2 /* CurrentConstructedWordCell.xib in Resources */,
				9A7ACDBA160F00E900B316D2 /* PlayerCell.xib in Resources */,
				9A7ACDC0160F079200B316D2 /* ProgressBarCell.xib in Resources */,
			);
			runOnlyForDeploymentPostprocessing = 0;
		};
/* End PBXResourcesBuildPhase section */

/* Begin PBXSourcesBuildPhase section */
		752C0E9A15E6A5AA009169FE /* Sources */ = {
			isa = PBXSourcesBuildPhase;
			buildActionMask = 2147483647;
			files = (
				1F88CD0C160F4DBB0059CFEB /* Assert.m in Sources */,
				752C0EAF15E6A5AA009169FE /* main.m in Sources */,
				752C0EB315E6A5AA009169FE /* AppDelegate.m in Sources */,
				752C0EB915E6A5AA009169FE /* ViewController.m in Sources */,
				752C0EC815E6A9F4009169FE /* MainViewController.m in Sources */,
				752C0ECB15E6AA07009169FE /* HostGameViewController.m in Sources */,
				752C0ECE15E6AA0F009169FE /* JoinGameViewController.m in Sources */,
				752C0ED115E6AA1A009169FE /* GameViewController.mm in Sources */,
				752C0ED415E6AAA8009169FE /* InfoViewController.m in Sources */,
				75ACB68015E6B03D00985EA6 /* Player.m in Sources */,
				75ACB68315E6B06B00985EA6 /* PlayerGameData.m in Sources */,
				75ACB68615E6B0BB00985EA6 /* Game.m in Sources */,
				75ACB68915E6B10D00985EA6 /* Tile.m in Sources */,
				75ACB68C15E6B1E000985EA6 /* Letter.m in Sources */,
				7590453015E6B577005DC5BC /* PlayerInfoViewController.m in Sources */,
				7590453615E6B913005DC5BC /* LetterBag.m in Sources */,
				7590453915E6BB9F005DC5BC /* AlphabetFactory.m in Sources */,
				9A57ED88160347E500AB95F0 /* Packet.m in Sources */,
				9A7ACDB5160F003C00B316D2 /* CurrentConstructedWordCell.m in Sources */,
				9A7ACDB8160F00D800B316D2 /* PlayerCell.m in Sources */,
				9A7ACDBE160F077C00B316D2 /* ProgressBarCell.m in Sources */,
				1F88CD08160F39600059CFEB /* Board.mm in Sources */,
				7550761B16137C61000D990D /* GCHelper.m in Sources */,
				9AC578801629677500A68882 /* Network.m in Sources */,
			);
			runOnlyForDeploymentPostprocessing = 0;
		};
/* End PBXSourcesBuildPhase section */

/* Begin PBXVariantGroup section */
		752C0EAB15E6A5AA009169FE /* InfoPlist.strings */ = {
			isa = PBXVariantGroup;
			children = (
				752C0EAC15E6A5AA009169FE /* en */,
			);
			name = InfoPlist.strings;
			sourceTree = "<group>";
		};
		752C0EB415E6A5AA009169FE /* MainStoryboard.storyboard */ = {
			isa = PBXVariantGroup;
			children = (
				752C0EB515E6A5AA009169FE /* en */,
			);
			name = MainStoryboard.storyboard;
			sourceTree = "<group>";
		};
/* End PBXVariantGroup section */

/* Begin XCBuildConfiguration section */
		752C0EBA15E6A5AA009169FE /* Debug */ = {
			isa = XCBuildConfiguration;
			buildSettings = {
				ALWAYS_SEARCH_USER_PATHS = NO;
				ARCHS = "$(ARCHS_STANDARD_32_BIT)";
				CLANG_ENABLE_OBJC_ARC = YES;
				CODE_SIGN_IDENTITY = "iPhone Developer: Oskar Wiren (7CE456Z33K)";
				"CODE_SIGN_IDENTITY[sdk=iphoneos*]" = "iPhone Developer: Oskar Wiren (7CE456Z33K)";
				COPY_PHASE_STRIP = NO;
				GCC_C_LANGUAGE_STANDARD = gnu99;
				GCC_DYNAMIC_NO_PIC = NO;
				GCC_OPTIMIZATION_LEVEL = 0;
				GCC_PREPROCESSOR_DEFINITIONS = (
					"DEBUG=1",
					"$(inherited)",
				);
				GCC_SYMBOLS_PRIVATE_EXTERN = NO;
				GCC_VERSION = com.apple.compilers.llvm.clang.1_0;
				GCC_WARN_ABOUT_RETURN_TYPE = YES;
				GCC_WARN_UNINITIALIZED_AUTOS = YES;
				GCC_WARN_UNUSED_VARIABLE = YES;
				IPHONEOS_DEPLOYMENT_TARGET = 5.1;
				PROVISIONING_PROFILE = "B75ED96A-458B-4A63-9FC2-8EA4F2B7992E";
				"PROVISIONING_PROFILE[sdk=iphoneos*]" = "B75ED96A-458B-4A63-9FC2-8EA4F2B7992E";
				SDKROOT = iphoneos;
			};
			name = Debug;
		};
		752C0EBB15E6A5AA009169FE /* Release */ = {
			isa = XCBuildConfiguration;
			buildSettings = {
				ALWAYS_SEARCH_USER_PATHS = NO;
				ARCHS = "$(ARCHS_STANDARD_32_BIT)";
				CLANG_ENABLE_OBJC_ARC = YES;
				CODE_SIGN_IDENTITY = "iPhone Developer: Oskar Wiren (7CE456Z33K)";
				"CODE_SIGN_IDENTITY[sdk=iphoneos*]" = "iPhone Developer";
				COPY_PHASE_STRIP = YES;
				GCC_C_LANGUAGE_STANDARD = gnu99;
				GCC_VERSION = com.apple.compilers.llvm.clang.1_0;
				GCC_WARN_ABOUT_RETURN_TYPE = YES;
				GCC_WARN_UNINITIALIZED_AUTOS = YES;
				GCC_WARN_UNUSED_VARIABLE = YES;
				IPHONEOS_DEPLOYMENT_TARGET = 5.1;
				OTHER_CFLAGS = "-DNS_BLOCK_ASSERTIONS=1";
				PROVISIONING_PROFILE = "18E1561A-E2D2-48C6-856B-F74565BB00BB";
				SDKROOT = iphoneos;
				VALIDATE_PRODUCT = YES;
			};
			name = Release;
		};
		752C0EBD15E6A5AA009169FE /* Debug */ = {
			isa = XCBuildConfiguration;
			buildSettings = {
				CODE_SIGN_IDENTITY = "iPhone Developer: Oskar Wiren (7CE456Z33K)";
				"CODE_SIGN_IDENTITY[sdk=iphoneos*]" = "iPhone Developer: Oskar Wiren (7CE456Z33K)";
				GCC_PRECOMPILE_PREFIX_HEADER = YES;
				GCC_PREFIX_HEADER = "CTL/ctl-Prefix.pch";
				INFOPLIST_FILE = "CTL/ctl-Info.plist";
				PRODUCT_NAME = ctl;
				PROVISIONING_PROFILE = "B75ED96A-458B-4A63-9FC2-8EA4F2B7992E";
				"PROVISIONING_PROFILE[sdk=iphoneos*]" = "B75ED96A-458B-4A63-9FC2-8EA4F2B7992E";
				WRAPPER_EXTENSION = app;
			};
			name = Debug;
		};
		752C0EBE15E6A5AA009169FE /* Release */ = {
			isa = XCBuildConfiguration;
			buildSettings = {
				CODE_SIGN_IDENTITY = "iPhone Developer: Oskar Wiren (7CE456Z33K)";
				GCC_PRECOMPILE_PREFIX_HEADER = YES;
				GCC_PREFIX_HEADER = "CTL/ctl-Prefix.pch";
				INFOPLIST_FILE = "CTL/ctl-Info.plist";
				PRODUCT_NAME = ctl;
				PROVISIONING_PROFILE = "18E1561A-E2D2-48C6-856B-F74565BB00BB";
				WRAPPER_EXTENSION = app;
			};
			name = Release;
		};
/* End XCBuildConfiguration section */

/* Begin XCConfigurationList section */
		752C0E9815E6A5A9009169FE /* Build configuration list for PBXProject "CTL" */ = {
			isa = XCConfigurationList;
			buildConfigurations = (
				752C0EBA15E6A5AA009169FE /* Debug */,
				752C0EBB15E6A5AA009169FE /* Release */,
			);
			defaultConfigurationIsVisible = 0;
			defaultConfigurationName = Release;
		};
		752C0EBC15E6A5AA009169FE /* Build configuration list for PBXNativeTarget "ctl" */ = {
			isa = XCConfigurationList;
			buildConfigurations = (
				752C0EBD15E6A5AA009169FE /* Debug */,
				752C0EBE15E6A5AA009169FE /* Release */,
			);
			defaultConfigurationIsVisible = 0;
			defaultConfigurationName = Release;
		};
/* End XCConfigurationList section */
	};
	rootObject = 752C0E9515E6A5A9009169FE /* Project object */;
}
